
Microsoft Visual Studio Solution File, Format Version 12.00
# Visual Studio Version 16
VisualStudioVersion = 16.0.30517.126
MinimumVisualStudioVersion = 10.0.40219.1
Project("{9A19103F-16F7-4668-BE54-9A1E7A4F7556}") = "ImplementingCustomList", "ConsoleApp1\ImplementingCustomList.csproj", "{1A3F7BE0-21AE-4871-A786-6E3A7CBE2E5C}"
EndProject
Project("{FAE04EC0-301F-11D3-BF4B-00C04F79EFBC}") = "ImplementiningCustomStack", "ImplementiningCustomStack\ImplementiningCustomStack.csproj", "{5AAA1D03-6B4E-42D3-8446-A491A30D7203}"
EndProject
Global
	GlobalSection(SolutionConfigurationPlatforms) = preSolution
		Debug|Any CPU = Debug|Any CPU
		Release|Any CPU = Release|Any CPU
	EndGlobalSection
	GlobalSection(ProjectConfigurationPlatforms) = postSolution
		{1A3F7BE0-21AE-4871-A786-6E3A7CBE2E5C}.Debug|Any CPU.ActiveCfg = Debug|Any CPU
		{1A3F7BE0-21AE-4871-A786-6E3A7CBE2E5C}.Debug|Any CPU.Build.0 = Debug|Any CPU
		{1A3F7BE0-21AE-4871-A786-6E3A7CBE2E5C}.Release|Any CPU.ActiveCfg = Release|Any CPU
		{1A3F7BE0-21AE-4871-A786-6E3A7CBE2E5C}.Release|Any CPU.Build.0 = Release|Any CPU
		{5AAA1D03-6B4E-42D3-8446-A491A30D7203}.Debug|Any CPU.ActiveCfg = Debug|Any CPU
		{5AAA1D03-6B4E-42D3-8446-A491A30D7203}.Debug|Any CPU.Build.0 = Debug|Any CPU
		{5AAA1D03-6B4E-42D3-8446-A491A30D7203}.Release|Any CPU.ActiveCfg = Release|Any CPU
		{5AAA1D03-6B4E-42D3-8446-A491A30D7203}.Release|Any CPU.Build.0 = Release|Any CPU
	EndGlobalSection
	GlobalSection(SolutionProperties) = preSolution
		HideSolutionNode = FALSE
	EndGlobalSection
	GlobalSection(ExtensibilityGlobals) = postSolution
		SolutionGuid = {E54A7D97-3869-40F0-8185-82B9A24324F3}
	EndGlobalSection
EndGlobal
